<?xml version="1.0" encoding="utf-8"?>
<Project ToolsVersion="4.0" xmlns="http://schemas.microsoft.com/developer/msbuild/2003">
  <ItemGroup>
    <Filter Include="Source Files">
      <UniqueIdentifier>{7c515b59-9e20-42c6-8c04-695dd84e1bef}</UniqueIdentifier>
    </Filter>
    <Filter Include="Generated Files">
      <UniqueIdentifier>{5adcfdd4-f8c3-4465-b9fe-b3b8e78f45a3}</UniqueIdentifier>
      <SourceControlFiles>False</SourceControlFiles>
    </Filter>
  </ItemGroup>
  <ItemGroup>
    <None Include="UVCPluginps.def" />
  </ItemGroup>
  <ItemGroup>
    <ClCompile Include="UVCPlugin_i.c">
      <Filter>Generated Files</Filter>
    </ClCompile>
    <ClCompile Include="UVCPlugin_p.c">
      <Filter>Generated Files</Filter>
    </ClCompile>
    <ClCompile Include="dlldata.c">
      <Filter>Generated Files</Filter>
    </ClCompile>
  </ItemGroup>
</Project>